
Microsoft Visual Studio Solution File, Format Version 12.00
# Visual Studio Version 17
VisualStudioVersion = 17.13.35825.156 d17.13
MinimumVisualStudioVersion = 10.0.40219.1
Project("{8BC9CEB8-8B4A-11D0-8D11-00A0C91BC942}") = "C++", "C++.vcxproj", "{31F31B63-9D70-45B4-B50C-6B0684AB3706}"
EndProject
Global
	GlobalSection(SolutionConfigurationPlatforms) = preSolution
		Debug|x64 = Debug|x64
		Debug|x86 = Debug|x86
		Release|x64 = Release|x64
		Release|x86 = Release|x86
	EndGlobalSection
	GlobalSection(ProjectConfigurationPlatforms) = postSolution
		{31F31B63-9D70-45B4-B50C-6B0684AB3706}.Debug|x64.ActiveCfg = Debug|x64
		{31F31B63-9D70-45B4-B50C-6B0684AB3706}.Debug|x64.Build.0 = Debug|x64
		{31F31B63-9D70-45B4-B50C-6B0684AB3706}.Debug|x86.ActiveCfg = Debug|Win32
		{31F31B63-9D70-45B4-B50C-6B0684AB3706}.Debug|x86.Build.0 = Debug|Win32
		{31F31B63-9D70-45B4-B50C-6B0684AB3706}.Release|x64.ActiveCfg = Release|x64
		{31F31B63-9D70-45B4-B50C-6B0684AB3706}.Release|x64.Build.0 = Release|x64
		{31F31B63-9D70-45B4-B50C-6B0684AB3706}.Release|x86.ActiveCfg = Release|Win32
		{31F31B63-9D70-45B4-B50C-6B0684AB3706}.Release|x86.Build.0 = Release|Win32
	EndGlobalSection
	GlobalSection(SolutionProperties) = preSolution
		HideSolutionNode = FALSE
	EndGlobalSection
	GlobalSection(ExtensibilityGlobals) = postSolution
		SolutionGuid = {3BC2AEDC-A537-46F7-866A-6AE6FAC7C427}
	EndGlobalSection
EndGlobal
